
Microsoft Visual Studio Solution File, Format Version 12.00
# Visual Studio Version 16
VisualStudioVersion = 16.0.33214.272
MinimumVisualStudioVersion = 10.0.40219.1
Project("{FAE04EC0-301F-11D3-BF4B-00C04F79EFBC}") = "zd1_Solihov", "zd1_Solihov\zd1_Solihov.csproj", "{5A925FD7-67F3-420E-8DBD-BCF7EE2056F7}"
EndProject
Global
	GlobalSection(SolutionConfigurationPlatforms) = preSolution
		Debug|Any CPU = Debug|Any CPU
		Release|Any CPU = Release|Any CPU
	EndGlobalSection
	GlobalSection(ProjectConfigurationPlatforms) = postSolution
		{5A925FD7-67F3-420E-8DBD-BCF7EE2056F7}.Debug|Any CPU.ActiveCfg = Debug|Any CPU
		{5A925FD7-67F3-420E-8DBD-BCF7EE2056F7}.Debug|Any CPU.Build.0 = Debug|Any CPU
		{5A925FD7-67F3-420E-8DBD-BCF7EE2056F7}.Release|Any CPU.ActiveCfg = Release|Any CPU
		{5A925FD7-67F3-420E-8DBD-BCF7EE2056F7}.Release|Any CPU.Build.0 = Release|Any CPU
	EndGlobalSection
	GlobalSection(SolutionProperties) = preSolution
		HideSolutionNode = FALSE
	EndGlobalSection
	GlobalSection(ExtensibilityGlobals) = postSolution
		SolutionGuid = {919F15D0-C152-4190-96AE-E137A8BE665F}
	EndGlobalSection
EndGlobal
